
Microsoft Visual Studio Solution File, Format Version 12.00
# Visual Studio 15
VisualStudioVersion = 15.0.27130.0
MinimumVisualStudioVersion = 10.0.40219.1
Project("{9A19103F-16F7-4668-BE54-9A1E7A4F7556}") = "AsciiTableFormatter.Test", "AsciiTableFormatter.Test\AsciiTableFormatter.Test.csproj", "{F282DD1F-6092-495A-AE85-F023C8E3740D}"
EndProject
Project("{FAE04EC0-301F-11D3-BF4B-00C04F79EFBC}") = "AsciiTableFormatter", "AsciiTableFormatter\AsciiTableFormatter.csproj", "{82EB1302-584F-4828-A0E7-B91479F09E98}"
EndProject
Global
	GlobalSection(SolutionConfigurationPlatforms) = preSolution
		Debug|Any CPU = Debug|Any CPU
		Release|Any CPU = Release|Any CPU
	EndGlobalSection
	GlobalSection(ProjectConfigurationPlatforms) = postSolution
		{F282DD1F-6092-495A-AE85-F023C8E3740D}.Debug|Any CPU.ActiveCfg = Debug|Any CPU
		{F282DD1F-6092-495A-AE85-F023C8E3740D}.Debug|Any CPU.Build.0 = Debug|Any CPU
		{F282DD1F-6092-495A-AE85-F023C8E3740D}.Release|Any CPU.ActiveCfg = Release|Any CPU
		{F282DD1F-6092-495A-AE85-F023C8E3740D}.Release|Any CPU.Build.0 = Release|Any CPU
		{82EB1302-584F-4828-A0E7-B91479F09E98}.Debug|Any CPU.ActiveCfg = Debug|Any CPU
		{82EB1302-584F-4828-A0E7-B91479F09E98}.Debug|Any CPU.Build.0 = Debug|Any CPU
		{82EB1302-584F-4828-A0E7-B91479F09E98}.Release|Any CPU.ActiveCfg = Release|Any CPU
		{82EB1302-584F-4828-A0E7-B91479F09E98}.Release|Any CPU.Build.0 = Release|Any CPU
	EndGlobalSection
	GlobalSection(SolutionProperties) = preSolution
		HideSolutionNode = FALSE
	EndGlobalSection
	GlobalSection(ExtensibilityGlobals) = postSolution
		SolutionGuid = {D8E8FC7B-EC9D-4A9F-93EF-5884FA21C7E2}
	EndGlobalSection
EndGlobal
